// !$*UTF8*$!
{
	archiveVersion = 1;
	classes = {
	};
	objectVersion = 50;
	objects = {

/* Begin PBXBuildFile section */
		7A5062A322A073CC00B89E8A /* AppDelegate.swift in Sources */ = {isa = PBXBuildFile; fileRef = 7A5062A222A073CC00B89E8A /* AppDelegate.swift */; };
		7A5062A522A073CC00B89E8A /* GameScene.sks in Resources */ = {isa = PBXBuildFile; fileRef = 7A5062A422A073CC00B89E8A /* GameScene.sks */; };
		7A5062A722A073CC00B89E8A /* Actions.sks in Resources */ = {isa = PBXBuildFile; fileRef = 7A5062A622A073CC00B89E8A /* Actions.sks */; };
		7A5062A922A073CC00B89E8A /* GameScene.swift in Sources */ = {isa = PBXBuildFile; fileRef = 7A5062A822A073CC00B89E8A /* GameScene.swift */; };
		7A5062AB22A073CC00B89E8A /* GameViewController.swift in Sources */ = {isa = PBXBuildFile; fileRef = 7A5062AA22A073CC00B89E8A /* GameViewController.swift */; };
		7A5062AE22A073CC00B89E8A /* Main.storyboard in Resources */ = {isa = PBXBuildFile; fileRef = 7A5062AC22A073CC00B89E8A /* Main.storyboard */; };
		7A5062B022A073D000B89E8A /* Assets.xcassets in Resources */ = {isa = PBXBuildFile; fileRef = 7A5062AF22A073D000B89E8A /* Assets.xcassets */; };
		7A5062B322A073D000B89E8A /* LaunchScreen.storyboard in Resources */ = {isa = PBXBuildFile; fileRef = 7A5062B122A073D000B89E8A /* LaunchScreen.storyboard */; };
/* End PBXBuildFile section */

/* Begin PBXFileReference section */
		7A50629F22A073CC00B89E8A /* sksFileStealer.app */ = {isa = PBXFileReference; explicitFileType = wrapper.application; includeInIndex = 0; path = sksFileStealer.app; sourceTree = BUILT_PRODUCTS_DIR; };
		7A5062A222A073CC00B89E8A /* AppDelegate.swift */ = {isa = PBXFileReference; lastKnownFileType = sourcecode.swift; path = AppDelegate.swift; sourceTree = "<group>"; };
		7A5062A422A073CC00B89E8A /* GameScene.sks */ = {isa = PBXFileReference; lastKnownFileType = file.sks; path = GameScene.sks; sourceTree = "<group>"; };
		7A5062A622A073CC00B89E8A /* Actions.sks */ = {isa = PBXFileReference; lastKnownFileType = file.sks; path = Actions.sks; sourceTree = "<group>"; };
		7A5062A822A073CC00B89E8A /* GameScene.swift */ = {isa = PBXFileReference; lastKnownFileType = sourcecode.swift; path = GameScene.swift; sourceTree = "<group>"; };
		7A5062AA22A073CC00B89E8A /* GameViewController.swift */ = {isa = PBXFileReference; lastKnownFileType = sourcecode.swift; path = GameViewController.swift; sourceTree = "<group>"; };
		7A5062AD22A073CC00B89E8A /* Base */ = {isa = PBXFileReference; lastKnownFileType = file.storyboard; name = Base; path = Base.lproj/Main.storyboard; sourceTree = "<group>"; };
		7A5062AF22A073D000B89E8A /* Assets.xcassets */ = {isa = PBXFileReference; lastKnownFileType = folder.assetcatalog; path = Assets.xcassets; sourceTree = "<group>"; };
		7A5062B222A073D000B89E8A /* Base */ = {isa = PBXFileReference; lastKnownFileType = file.storyboard; name = Base; path = Base.lproj/LaunchScreen.storyboard; sourceTree = "<group>"; };
		7A5062B422A073D000B89E8A /* Info.plist */ = {isa = PBXFileReference; lastKnownFileType = text.plist.xml; path = Info.plist; sourceTree = "<group>"; };
/* End PBXFileReference section */

/* Begin PBXFrameworksBuildPhase section */
		7A50629C22A073CC00B89E8A /* Frameworks */ = {
			isa = PBXFrameworksBuildPhase;
			buildActionMask = 2147483647;
			files = (
			);
			runOnlyForDeploymentPostprocessing = 0;
		};
/* End PBXFrameworksBuildPhase section */

/* Begin PBXGroup section */
		7A50629622A073CC00B89E8A = {
			isa = PBXGroup;
			children = (
				7A5062A122A073CC00B89E8A /* sksFileStealer */,
				7A5062A022A073CC00B89E8A /* Products */,
			);
			sourceTree = "<group>";
		};
		7A5062A022A073CC00B89E8A /* Products */ = {
			isa = PBXGroup;
			children = (
				7A50629F22A073CC00B89E8A /* sksFileStealer.app */,
			);
			name = Products;
			sourceTree = "<group>";
		};
		7A5062A122A073CC00B89E8A /* sksFileStealer */ = {
			isa = PBXGroup;
			children = (
				7A5062A222A073CC00B89E8A /* AppDelegate.swift */,
				7A5062A422A073CC00B89E8A /* GameScene.sks */,
				7A5062A622A073CC00B89E8A /* Actions.sks */,
				7A5062A822A073CC00B89E8A /* GameScene.swift */,
				7A5062AA22A073CC00B89E8A /* GameViewController.swift */,
				7A5062AC22A073CC00B89E8A /* Main.storyboard */,
				7A5062AF22A073D000B89E8A /* Assets.xcassets */,
				7A5062B122A073D000B89E8A /* LaunchScreen.storyboard */,
				7A5062B422A073D000B89E8A /* Info.plist */,
			);
			path = sksFileStealer;
			sourceTree = "<group>";
		};
/* End PBXGroup section */

/* Begin PBXNativeTarget section */
		7A50629E22A073CC00B89E8A /* sksFileStealer */ = {
			isa = PBXNativeTarget;
			buildConfigurationList = 7A5062B722A073D000B89E8A /* Build configuration list for PBXNativeTarget "sksFileStealer" */;
			buildPhases = (
				7A50629B22A073CC00B89E8A /* Sources */,
				7A50629C22A073CC00B89E8A /* Frameworks */,
				7A50629D22A073CC00B89E8A /* Resources */,
			);
			buildRules = (
			);
			dependencies = (
			);
			name = sksFileStealer;
			productName = sksFileStealer;
			productReference = 7A50629F22A073CC00B89E8A /* sksFileStealer.app */;
			productType = "com.apple.product-type.application";
		};
/* End PBXNativeTarget section */

/* Begin PBXProject section */
		7A50629722A073CC00B89E8A /* Project object */ = {
			isa = PBXProject;
			attributes = {
				LastSwiftUpdateCheck = 1020;
				LastUpgradeCheck = 1020;
				ORGANIZATIONNAME = "Carly Cameron";
				TargetAttributes = {
					7A50629E22A073CC00B89E8A = {
						CreatedOnToolsVersion = 10.2.1;
					};
				};
			};
			buildConfigurationList = 7A50629A22A073CC00B89E8A /* Build configuration list for PBXProject "sksFileStealer" */;
			compatibilityVersion = "Xcode 9.3";
			developmentRegion = en;
			hasScannedForEncodings = 0;
			knownRegions = (
				en,
				Base,
			);
			mainGroup = 7A50629622A073CC00B89E8A;
			productRefGroup = 7A5062A022A073CC00B89E8A /* Products */;
			projectDirPath = "";
			projectRoot = "";
			targets = (
				7A50629E22A073CC00B89E8A /* sksFileStealer */,
			);
		};
/* End PBXProject section */

/* Begin PBXResourcesBuildPhase section */
		7A50629D22A073CC00B89E8A /* Resources */ = {
			isa = PBXResourcesBuildPhase;
			buildActionMask = 2147483647;
			files = (
				7A5062AE22A073CC00B89E8A /* Main.storyboard in Resources */,
				7A5062A522A073CC00B89E8A /* GameScene.sks in Resources */,
				7A5062B022A073D000B89E8A /* Assets.xcassets in Resources */,
				7A5062B322A073D000B89E8A /* LaunchScreen.storyboard in Resources */,
				7A5062A722A073CC00B89E8A /* Actions.sks in Resources */,
			);
			runOnlyForDeploymentPostprocessing = 0;
		};
/* End PBXResourcesBuildPhase section */

/* Begin PBXSourcesBuildPhase section */
		7A50629B22A073CC00B89E8A /* Sources */ = {
			isa = PBXSourcesBuildPhase;
			buildActionMask = 2147483647;
			files = (
				7A5062A922A073CC00B89E8A /* GameScene.swift in Sources */,
				7A5062AB22A073CC00B89E8A /* GameViewController.swift in Sources */,
				7A5062A322A073CC00B89E8A /* AppDelegate.swift in Sources */,
			);
			runOnlyForDeploymentPostprocessing = 0;
		};
/* End PBXSourcesBuildPhase section */

/* Begin PBXVariantGroup section */
		7A5062AC22A073CC00B89E8A /* Main.storyboard */ = {
			isa = PBXVariantGroup;
			children = (
				7A5062AD22A073CC00B89E8A /* Base */,
			);
			name = Main.storyboard;
			sourceTree = "<group>";
		};
		7A5062B122A073D000B89E8A /* LaunchScreen.storyboard */ = {
			isa = PBXVariantGroup;
			children = (
				7A5062B222A073D000B89E8A /* Base */,
			);
			name = LaunchScreen.storyboard;
			sourceTree = "<group>";
		};
/* End PBXVariantGroup section */

/* Begin XCBuildConfiguration section */
		7A5062B522A073D000B89E8A /* Debug */ = {
			isa = XCBuildConfiguration;
			buildSettings = {
				ALWAYS_SEARCH_USER_PATHS = NO;
				CLANG_ANALYZER_NONNULL = YES;
				CLANG_ANALYZER_NUMBER_OBJECT_CONVERSION = YES_AGGRESSIVE;
				CLANG_CXX_LANGUAGE_STANDARD = "gnu++14";
				CLANG_CXX_LIBRARY = "libc++";
				CLANG_ENABLE_MODULES = YES;
				CLANG_ENABLE_OBJC_ARC = YES;
				CLANG_ENABLE_OBJC_WEAK = YES;
				CLANG_WARN_BLOCK_CAPTURE_AUTORELEASING = YES;
				CLANG_WARN_BOOL_CONVERSION = YES;
				CLANG_WARN_COMMA = YES;
				CLANG_WARN_CONSTANT_CONVERSION = YES;
				CLANG_WARN_DEPRECATED_OBJC_IMPLEMENTATIONS = YES;
				CLANG_WARN_DIRECT_OBJC_ISA_USAGE = YES_ERROR;
				CLANG_WARN_DOCUMENTATION_COMMENTS = YES;
				CLANG_WARN_EMPTY_BODY = YES;
				CLANG_WARN_ENUM_CONVERSION = YES;
				CLANG_WARN_INFINITE_RECURSION = YES;
				CLANG_WARN_INT_CONVERSION = YES;
				CLANG_WARN_NON_LITERAL_NULL_CONVERSION = YES;
				CLANG_WARN_OBJC_IMPLICIT_RETAIN_SELF = YES;
				CLANG_WARN_OBJC_LITERAL_CONVERSION = YES;
				CLANG_WARN_OBJC_ROOT_CLASS = YES_ERROR;
				CLANG_WARN_RANGE_LOOP_ANALYSIS = YES;
				CLANG_WARN_STRICT_PROTOTYPES = YES;
				CLANG_WARN_SUSPICIOUS_MOVE = YES;
				CLANG_WARN_UNGUARDED_AVAILABILITY = YES_AGGRESSIVE;
				CLANG_WARN_UNREACHABLE_CODE = YES;
				CLANG_WARN__DUPLICATE_METHOD_MATCH = YES;
				CODE_SIGN_IDENTITY = "iPhone Developer";
				COPY_PHASE_STRIP = NO;
				DEBUG_INFORMATION_FORMAT = dwarf;
				ENABLE_STRICT_OBJC_MSGSEND = YES;
				ENABLE_TESTABILITY = YES;
				GCC_C_LANGUAGE_STANDARD = gnu11;
				GCC_DYNAMIC_NO_PIC = NO;
				GCC_NO_COMMON_BLOCKS = YES;
				GCC_OPTIMIZATION_LEVEL = 0;
				GCC_PREPROCESSOR_DEFINITIONS = (
					"DEBUG=1",
					"$(inherited)",
				);
				GCC_WARN_64_TO_32_BIT_CONVERSION = YES;
				GCC_WARN_ABOUT_RETURN_TYPE = YES_ERROR;
				GCC_WARN_UNDECLARED_SELECTOR = YES;
				GCC_WARN_UNINITIALIZED_AUTOS = YES_AGGRESSIVE;
				GCC_WARN_UNUSED_FUNCTION = YES;
				GCC_WARN_UNUSED_VARIABLE = YES;
				IPHONEOS_DEPLOYMENT_TARGET = 12.2;
				MTL_ENABLE_DEBUG_INFO = INCLUDE_SOURCE;
				MTL_FAST_MATH = YES;
				ONLY_ACTIVE_ARCH = YES;
				SDKROOT = iphoneos;
				SWIFT_ACTIVE_COMPILATION_CONDITIONS = DEBUG;
				SWIFT_OPTIMIZATION_LEVEL = "-Onone";
			};
			name = Debug;
		};
		7A5062B622A073D000B89E8A /* Release */ = {
			isa = XCBuildConfiguration;
			buildSettings = {
				ALWAYS_SEARCH_USER_PATHS = NO;
				CLANG_ANALYZER_NONNULL = YES;
				CLANG_ANALYZER_NUMBER_OBJECT_CONVERSION = YES_AGGRESSIVE;
				CLANG_CXX_LANGUAGE_STANDARD = "gnu++14";
				CLANG_CXX_LIBRARY = "libc++";
				CLANG_ENABLE_MODULES = YES;
				CLANG_ENABLE_OBJC_ARC = YES;
				CLANG_ENABLE_OBJC_WEAK = YES;
				CLANG_WARN_BLOCK_CAPTURE_AUTORELEASING = YES;
				CLANG_WARN_BOOL_CONVERSION = YES;
				CLANG_WARN_COMMA = YES;
				CLANG_WARN_CONSTANT_CONVERSION = YES;
				CLANG_WARN_DEPRECATED_OBJC_IMPLEMENTATIONS = YES;
				CLANG_WARN_DIRECT_OBJC_ISA_USAGE = YES_ERROR;
				CLANG_WARN_DOCUMENTATION_COMMENTS = YES;
				CLANG_WARN_EMPTY_BODY = YES;
				CLANG_WARN_ENUM_CONVERSION = YES;
				CLANG_WARN_INFINITE_RECURSION = YES;
				CLANG_WARN_INT_CONVERSION = YES;
				CLANG_WARN_NON_LITERAL_NULL_CONVERSION = YES;
				CLANG_WARN_OBJC_IMPLICIT_RETAIN_SELF = YES;
				CLANG_WARN_OBJC_LITERAL_CONVERSION = YES;
				CLANG_WARN_OBJC_ROOT_CLASS = YES_ERROR;
				CLANG_WARN_RANGE_LOOP_ANALYSIS = YES;
				CLANG_WARN_STRICT_PROTOTYPES = YES;
				CLANG_WARN_SUSPICIOUS_MOVE = YES;
				CLANG_WARN_UNGUARDED_AVAILABILITY = YES_AGGRESSIVE;
				CLANG_WARN_UNREACHABLE_CODE = YES;
				CLANG_WARN__DUPLICATE_METHOD_MATCH = YES;
				CODE_SIGN_IDENTITY = "iPhone Developer";
				COPY_PHASE_STRIP = NO;
				DEBUG_INFORMATION_FORMAT = "dwarf-with-dsym";
				ENABLE_NS_ASSERTIONS = NO;
				ENABLE_STRICT_OBJC_MSGSEND = YES;
				GCC_C_LANGUAGE_STANDARD = gnu11;
				GCC_NO_COMMON_BLOCKS = YES;
				GCC_WARN_64_TO_32_BIT_CONVERSION = YES;
				GCC_WARN_ABOUT_RETURN_TYPE = YES_ERROR;
				GCC_WARN_UNDECLARED_SELECTOR = YES;
				GCC_WARN_UNINITIALIZED_AUTOS = YES_AGGRESSIVE;
				GCC_WARN_UNUSED_FUNCTION = YES;
				GCC_WARN_UNUSED_VARIABLE = YES;
				IPHONEOS_DEPLOYMENT_TARGET = 12.2;
				MTL_ENABLE_DEBUG_INFO = NO;
				MTL_FAST_MATH = YES;
				SDKROOT = iphoneos;
				SWIFT_COMPILATION_MODE = wholemodule;
				SWIFT_OPTIMIZATION_LEVEL = "-O";
				VALIDATE_PRODUCT = YES;
			};
			name = Release;
		};
		7A5062B822A073D000B89E8A /* Debug */ = {
			isa = XCBuildConfiguration;
			buildSettings = {
				ASSETCATALOG_COMPILER_APPICON_NAME = AppIcon;
				CODE_SIGN_STYLE = Automatic;
				DEVELOPMENT_TEAM = 78KL6HZ72H;
				INFOPLIST_FILE = sksFileStealer/Info.plist;
				LD_RUNPATH_SEARCH_PATHS = (
					"$(inherited)",
					"@executable_path/Frameworks",
				);
				PRODUCT_BUNDLE_IDENTIFIER = UNO.sksFileStealer;
				PRODUCT_NAME = "$(TARGET_NAME)";
				SWIFT_VERSION = 5.0;
				TARGETED_DEVICE_FAMILY = "1,2";
			};
			name = Debug;
		};
		7A5062B922A073D000B89E8A /* Release */ = {
			isa = XCBuildConfiguration;
			buildSettings = {
				ASSETCATALOG_COMPILER_APPICON_NAME = AppIcon;
				CODE_SIGN_STYLE = Automatic;
				DEVELOPMENT_TEAM = 78KL6HZ72H;
				INFOPLIST_FILE = sksFileStealer/Info.plist;
				LD_RUNPATH_SEARCH_PATHS = (
					"$(inherited)",
					"@executable_path/Frameworks",
				);
				PRODUCT_BUNDLE_IDENTIFIER = UNO.sksFileStealer;
				PRODUCT_NAME = "$(TARGET_NAME)";
				SWIFT_VERSION = 5.0;
				TARGETED_DEVICE_FAMILY = "1,2";
			};
			name = Release;
		};
/* End XCBuildConfiguration section */

/* Begin XCConfigurationList section */
		7A50629A22A073CC00B89E8A /* Build configuration list for PBXProject "sksFileStealer" */ = {
			isa = XCConfigurationList;
			buildConfigurations = (
				7A5062B522A073D000B89E8A /* Debug */,
				7A5062B622A073D000B89E8A /* Release */,
			);
			defaultConfigurationIsVisible = 0;
			defaultConfigurationName = Release;
		};
		7A5062B722A073D000B89E8A /* Build configuration list for PBXNativeTarget "sksFileStealer" */ = {
			isa = XCConfigurationList;
			buildConfigurations = (
				7A5062B822A073D000B89E8A /* Debug */,
				7A5062B922A073D000B89E8A /* Release */,
			);
			defaultConfigurationIsVisible = 0;
			defaultConfigurationName = Release;
		};
/* End XCConfigurationList section */
	};
	rootObject = 7A50629722A073CC00B89E8A /* Project object */;
}
